<?xml version="1.0" encoding="utf-8"?>
<Project ToolsVersion="4.0" xmlns="http://schemas.microsoft.com/developer/msbuild/2003">
  <ItemGroup>
    <Filter Include="來源檔案">
      <UniqueIdentifier>{4FC737F1-C7A5-4376-A066-2A32D752A2FF}</UniqueIdentifier>
      <Extensions>cpp;c;cc;cxx;c++;cppm;ixx;def;odl;idl;hpj;bat;asm;asmx</Extensions>
    </Filter>
    <Filter Include="標頭檔">
      <UniqueIdentifier>{93995380-89BD-4b04-88EB-625FBE52EBFB}</UniqueIdentifier>
      <Extensions>h;hh;hpp;hxx;h++;hm;inl;inc;ipp;xsd</Extensions>
    </Filter>
    <Filter Include="資源檔">
      <UniqueIdentifier>{67DA6AB6-F800-4c08-8B7A-83BB121AAD01}</UniqueIdentifier>
      <Extensions>rc;ico;cur;bmp;dlg;rc2;rct;bin;rgs;gif;jpg;jpeg;jpe;resx;tiff;tif;png;wav;mfcribbon-ms</Extensions>
    </Filter>
  </ItemGroup>
  <ItemGroup>
    <ClInclude Include="includelist.h">
      <Filter>標頭檔</Filter>
    </ClInclude>
    <ClInclude Include="math\polynomial.hpp">
      <Filter>標頭檔</Filter>
    </ClInclude>
    <ClInclude Include="data\text.hpp">
      <Filter>標頭檔</Filter>
    </ClInclude>
    <ClInclude Include="struct\basic.hpp">
      <Filter>標頭檔</Filter>
    </ClInclude>
    <ClInclude Include="data\tuples.hpp">
      <Filter>標頭檔</Filter>
    </ClInclude>
    <ClInclude Include="data\datetime.hpp">
      <Filter>標頭檔</Filter>
    </ClInclude>
    <ClInclude Include="data\json.hpp">
      <Filter>標頭檔</Filter>
    </ClInclude>
    <ClInclude Include="data\xml.hpp">
      <Filter>標頭檔</Filter>
    </ClInclude>
    <ClInclude Include="data\number.hpp">
      <Filter>標頭檔</Filter>
    </ClInclude>
    <ClInclude Include="graph\shape.hpp">
      <Filter>標頭檔</Filter>
    </ClInclude>
    <ClInclude Include="cfilesystem\directory.hpp">
      <Filter>標頭檔</Filter>
    </ClInclude>
    <ClInclude Include="data\coord.hpp">
      <Filter>標頭檔</Filter>
    </ClInclude>
    <ClInclude Include="time\time.hpp">
      <Filter>標頭檔</Filter>
    </ClInclude>
    <ClInclude Include="graph\graph.hpp">
      <Filter>標頭檔</Filter>
    </ClInclude>
    <ClInclude Include="multithread\multithread.hpp">
      <Filter>標頭檔</Filter>
    </ClInclude>
    <ClInclude Include="consolecmd\cmdinput.hpp">
      <Filter>標頭檔</Filter>
    </ClInclude>
    <ClInclude Include="winapi\header.hpp">
      <Filter>標頭檔</Filter>
    </ClInclude>
    <ClInclude Include="multithread\taskcontrol.hpp">
      <Filter>標頭檔</Filter>
    </ClInclude>
    <ClInclude Include="data\dictionary.hpp">
      <Filter>標頭檔</Filter>
    </ClInclude>
    <ClInclude Include="thirdpartylib.hpp">
      <Filter>標頭檔</Filter>
    </ClInclude>
    <ClInclude Include="data\convert.hpp">
      <Filter>標頭檔</Filter>
    </ClInclude>
    <ClInclude Include="data\list.hpp">
      <Filter>標頭檔</Filter>
    </ClInclude>
    <ClInclude Include="data\keyvaluepair.hpp">
      <Filter>標頭檔</Filter>
    </ClInclude>
    <ClInclude Include="cyh.hpp">
      <Filter>標頭檔</Filter>
    </ClInclude>
    <ClInclude Include="struct\stack.hpp">
      <Filter>標頭檔</Filter>
    </ClInclude>
    <ClInclude Include="struct\linkedlist.hpp">
      <Filter>標頭檔</Filter>
    </ClInclude>
    <ClInclude Include="data\data.hpp">
      <Filter>標頭檔</Filter>
    </ClInclude>
    <ClInclude Include="struct\struct.hpp">
      <Filter>標頭檔</Filter>
    </ClInclude>
    <ClInclude Include="winapi\winapi.hpp">
      <Filter>標頭檔</Filter>
    </ClInclude>
    <ClInclude Include="consolecmd\consolecmd.hpp">
      <Filter>標頭檔</Filter>
    </ClInclude>
    <ClInclude Include="math\math.hpp">
      <Filter>標頭檔</Filter>
    </ClInclude>
    <ClInclude Include="ai\tensorflow.hpp">
      <Filter>標頭檔</Filter>
    </ClInclude>
    <ClInclude Include="math\simplexparameter.hpp">
      <Filter>標頭檔</Filter>
    </ClInclude>
    <ClInclude Include="winapi\wnd\window.hpp">
      <Filter>標頭檔</Filter>
    </ClInclude>
    <ClInclude Include="web\header.hpp">
      <Filter>標頭檔</Filter>
    </ClInclude>
    <ClInclude Include="web\web.hpp">
      <Filter>標頭檔</Filter>
    </ClInclude>
    <ClInclude Include="web\curlutilities.hpp">
      <Filter>標頭檔</Filter>
    </ClInclude>
    <ClInclude Include="web\curlclient.hpp">
      <Filter>標頭檔</Filter>
    </ClInclude>
    <ClInclude Include="MyProject\WebTester.hpp">
      <Filter>標頭檔</Filter>
    </ClInclude>
    <ClInclude Include="web\webobj\webform.hpp">
      <Filter>標頭檔</Filter>
    </ClInclude>
    <ClInclude Include="graph\bmpconvert.hpp">
      <Filter>標頭檔</Filter>
    </ClInclude>
    <ClInclude Include="graph\drawmatrix.hpp">
      <Filter>標頭檔</Filter>
    </ClInclude>
    <ClInclude Include="graph\header.hpp">
      <Filter>標頭檔</Filter>
    </ClInclude>
    <ClInclude Include="graph\operation.hpp">
      <Filter>標頭檔</Filter>
    </ClInclude>
    <ClInclude Include="graph\color.hpp">
      <Filter>標頭檔</Filter>
    </ClInclude>
    <ClInclude Include="winapi\wnd\objtype.hpp">
      <Filter>標頭檔</Filter>
    </ClInclude>
    <ClInclude Include="winapi\wnd\baseobj.hpp">
      <Filter>標頭檔</Filter>
    </ClInclude>
    <ClInclude Include="web\client\udpclient.hpp">
      <Filter>標頭檔</Filter>
    </ClInclude>
    <ClInclude Include="winapi\web\winsockapi.hpp">
      <Filter>標頭檔</Filter>
    </ClInclude>
    <ClInclude Include="web\modify.hpp">
      <Filter>標頭檔</Filter>
    </ClInclude>
    <ClInclude Include="struct\iterator.hpp">
      <Filter>標頭檔</Filter>
    </ClInclude>
    <ClInclude Include="winapi\wnd\wndobj.hpp">
      <Filter>標頭檔</Filter>
    </ClInclude>
    <ClInclude Include="ai\header.hpp">
      <Filter>標頭檔</Filter>
    </ClInclude>
  </ItemGroup>
  <ItemGroup>
    <ClCompile Include="Source.cpp">
      <Filter>來源檔案</Filter>
    </ClCompile>
    <ClCompile Include="math\polynomial.cpp">
      <Filter>來源檔案</Filter>
    </ClCompile>
    <ClCompile Include="data\text.cpp">
      <Filter>來源檔案</Filter>
    </ClCompile>
    <ClCompile Include="data\tuples.cpp">
      <Filter>來源檔案</Filter>
    </ClCompile>
    <ClCompile Include="data\xml.cpp">
      <Filter>來源檔案</Filter>
    </ClCompile>
    <ClCompile Include="graph\shape.cpp">
      <Filter>來源檔案</Filter>
    </ClCompile>
    <ClCompile Include="cfilesystem\directory.cpp">
      <Filter>來源檔案</Filter>
    </ClCompile>
    <ClCompile Include="time\time.cpp">
      <Filter>來源檔案</Filter>
    </ClCompile>
    <ClCompile Include="consolecmd\cmdinput.cpp">
      <Filter>來源檔案</Filter>
    </ClCompile>
    <ClCompile Include="multithread\multithread.cpp">
      <Filter>來源檔案</Filter>
    </ClCompile>
    <ClCompile Include="data\convert.cpp">
      <Filter>來源檔案</Filter>
    </ClCompile>
    <ClCompile Include="data\number.cpp">
      <Filter>來源檔案</Filter>
    </ClCompile>
    <ClCompile Include="winapi\winapi.cpp">
      <Filter>來源檔案</Filter>
    </ClCompile>
    <ClCompile Include="math\math.cpp">
      <Filter>來源檔案</Filter>
    </ClCompile>
    <ClCompile Include="winapi\wnd\window.cpp">
      <Filter>來源檔案</Filter>
    </ClCompile>
    <ClCompile Include="web\curlclient.cpp">
      <Filter>來源檔案</Filter>
    </ClCompile>
    <ClCompile Include="data\json.cpp">
      <Filter>來源檔案</Filter>
    </ClCompile>
    <ClCompile Include="winapi\wnd\baseobj.cpp">
      <Filter>來源檔案</Filter>
    </ClCompile>
    <ClCompile Include="graph\bmpconvert.cpp">
      <Filter>來源檔案</Filter>
    </ClCompile>
    <ClCompile Include="winapi\web\winsockapi.cpp">
      <Filter>來源檔案</Filter>
    </ClCompile>
    <ClCompile Include="web\modify.cpp">
      <Filter>來源檔案</Filter>
    </ClCompile>
    <ClCompile Include="winapi\wnd\wndobj.cpp">
      <Filter>來源檔案</Filter>
    </ClCompile>
  </ItemGroup>
  <ItemGroup>
    <Text Include="multithread\MtReadme.txt" />
    <Text Include="Memo.txt" />
  </ItemGroup>
</Project>